// !$*UTF8*$!
{
	archiveVersion = 1;
	classes = {
	};
	objectVersion = 46;
	objects = {

/* Begin PBXBuildFile section */
		7C5ABC4C1EFCE57B00DFD337 /* Bolts.framework in Frameworks */ = {isa = PBXBuildFile; fileRef = 7C5ABC431EFCE57B00DFD337 /* Bolts.framework */; };
		7C5ABC4D1EFCE57B00DFD337 /* FBSDKCoreKit.framework in Frameworks */ = {isa = PBXBuildFile; fileRef = 7C5ABC441EFCE57B00DFD337 /* FBSDKCoreKit.framework */; };
		7C5ABC4E1EFCE57B00DFD337 /* FBSDKLoginKit.framework in Frameworks */ = {isa = PBXBuildFile; fileRef = 7C5ABC451EFCE57B00DFD337 /* FBSDKLoginKit.framework */; };
		7C5ABC4F1EFCE57B00DFD337 /* FBSDKShareKit.framework in Frameworks */ = {isa = PBXBuildFile; fileRef = 7C5ABC461EFCE57B00DFD337 /* FBSDKShareKit.framework */; };
		7C5ABC501EFCE57B00DFD337 /* libIPCome.a in Frameworks */ = {isa = PBXBuildFile; fileRef = 7C5ABC481EFCE57B00DFD337 /* libIPCome.a */; };
		7C5ABC511EFCE57B00DFD337 /* LKImage.bundle in Resources */ = {isa = PBXBuildFile; fileRef = 7C5ABC491EFCE57B00DFD337 /* LKImage.bundle */; };
		7C5ABC521EFCE57B00DFD337 /* LKNumber.plist in Resources */ = {isa = PBXBuildFile; fileRef = 7C5ABC4A1EFCE57B00DFD337 /* LKNumber.plist */; };
		7C5ABC531EFCE57B00DFD337 /* updadegift.png in Resources */ = {isa = PBXBuildFile; fileRef = 7C5ABC4B1EFCE57B00DFD337 /* updadegift.png */; };
		7C5ABC581EFCE6BA00DFD337 /* Accelerate.framework in Frameworks */ = {isa = PBXBuildFile; fileRef = 7C5ABC571EFCE6BA00DFD337 /* Accelerate.framework */; };
		7C5ABC5A1EFCE6CF00DFD337 /* Foundation.framework in Frameworks */ = {isa = PBXBuildFile; fileRef = 7C5ABC591EFCE6CF00DFD337 /* Foundation.framework */; };
		7C5ABC5C1EFCE6DF00DFD337 /* MobileCoreServices.framework in Frameworks */ = {isa = PBXBuildFile; fileRef = 7C5ABC5B1EFCE6DF00DFD337 /* MobileCoreServices.framework */; };
		7C71FEB21D5C297100EA855A /* duoleIosSDK.framework in Frameworks */ = {isa = PBXBuildFile; fileRef = FC4705C01D471494009F0B62 /* duoleIosSDK.framework */; };
		7C71FEBE1D5C802100EA855A /* 5001.png in Resources */ = {isa = PBXBuildFile; fileRef = 7C71FEBD1D5C802100EA855A /* 5001.png */; };
		7C71FEC01D5C847900EA855A /* 5002.png in Resources */ = {isa = PBXBuildFile; fileRef = 7C71FEBF1D5C847900EA855A /* 5002.png */; };
		7C71FEC21D5C84BD00EA855A /* ftsdui_suo.png in Resources */ = {isa = PBXBuildFile; fileRef = 7C71FEC11D5C84BD00EA855A /* ftsdui_suo.png */; };
		7C99BF251D58742B00BA8B9A /* duole_iap.plist in Resources */ = {isa = PBXBuildFile; fileRef = 7C99BF241D58742B00BA8B9A /* duole_iap.plist */; };
		9824610D1F73D0A800388CAF /* UIComboBox_delbtn.png in Resources */ = {isa = PBXBuildFile; fileRef = 9824610C1F73D0A800388CAF /* UIComboBox_delbtn.png */; };
		FC2DF7FD1D4AF716005160BD /* Default-568h@2x.png in Resources */ = {isa = PBXBuildFile; fileRef = FC2DF7FC1D4AF716005160BD /* Default-568h@2x.png */; };
		FC4704E81D471023009F0B62 /* main.m in Sources */ = {isa = PBXBuildFile; fileRef = FC4704E71D471023009F0B62 /* main.m */; };
		FC4704EB1D471023009F0B62 /* AppDelegate.m in Sources */ = {isa = PBXBuildFile; fileRef = FC4704EA1D471023009F0B62 /* AppDelegate.m */; };
		FC4704EE1D471023009F0B62 /* ViewController.m in Sources */ = {isa = PBXBuildFile; fileRef = FC4704ED1D471023009F0B62 /* ViewController.m */; };
		FC4704F11D471023009F0B62 /* Main.storyboard in Resources */ = {isa = PBXBuildFile; fileRef = FC4704EF1D471023009F0B62 /* Main.storyboard */; };
		FC4704F31D471023009F0B62 /* Assets.xcassets in Resources */ = {isa = PBXBuildFile; fileRef = FC4704F21D471023009F0B62 /* Assets.xcassets */; };
		FC4704F61D471023009F0B62 /* LaunchScreen.storyboard in Resources */ = {isa = PBXBuildFile; fileRef = FC4704F41D471023009F0B62 /* LaunchScreen.storyboard */; };
		FC4705011D471023009F0B62 /* duoleIosSdkTestDemoTests.m in Sources */ = {isa = PBXBuildFile; fileRef = FC4705001D471023009F0B62 /* duoleIosSdkTestDemoTests.m */; };
		FC47050C1D471023009F0B62 /* duoleIosSdkTestDemoUITests.m in Sources */ = {isa = PBXBuildFile; fileRef = FC47050B1D471023009F0B62 /* duoleIosSdkTestDemoUITests.m */; };
		FCCA4C831D4F023900E8ACE8 /* duole_ios_login.bundle in Resources */ = {isa = PBXBuildFile; fileRef = FCCA4C821D4F023900E8ACE8 /* duole_ios_login.bundle */; };
/* End PBXBuildFile section */

/* Begin PBXContainerItemProxy section */
		FC4704FD1D471023009F0B62 /* PBXContainerItemProxy */ = {
			isa = PBXContainerItemProxy;
			containerPortal = FC4704DB1D471023009F0B62 /* Project object */;
			proxyType = 1;
			remoteGlobalIDString = FC4704E21D471023009F0B62;
			remoteInfo = duoleIosSdkTestDemo;
		};
		FC4705081D471023009F0B62 /* PBXContainerItemProxy */ = {
			isa = PBXContainerItemProxy;
			containerPortal = FC4704DB1D471023009F0B62 /* Project object */;
			proxyType = 1;
			remoteGlobalIDString = FC4704E21D471023009F0B62;
			remoteInfo = duoleIosSdkTestDemo;
		};
		FC4705BF1D471494009F0B62 /* PBXContainerItemProxy */ = {
			isa = PBXContainerItemProxy;
			containerPortal = FC4705BA1D471494009F0B62 /* duoleIosSDK.xcodeproj */;
			proxyType = 2;
			remoteGlobalIDString = FC4705631D4713D0009F0B62;
			remoteInfo = duoleIosSDK;
		};
		FC4705C11D471494009F0B62 /* PBXContainerItemProxy */ = {
			isa = PBXContainerItemProxy;
			containerPortal = FC4705BA1D471494009F0B62 /* duoleIosSDK.xcodeproj */;
			proxyType = 2;
			remoteGlobalIDString = FC47056D1D4713D0009F0B62;
			remoteInfo = duoleIosSDKTests;
		};
/* End PBXContainerItemProxy section */

/* Begin PBXFileReference section */
		7C5ABC421EFCE57B00DFD337 /* AppsFlyerTracker.h */ = {isa = PBXFileReference; fileEncoding = 4; lastKnownFileType = sourcecode.c.h; path = AppsFlyerTracker.h; sourceTree = "<group>"; };
		7C5ABC431EFCE57B00DFD337 /* Bolts.framework */ = {isa = PBXFileReference; lastKnownFileType = wrapper.framework; path = Bolts.framework; sourceTree = "<group>"; };
		7C5ABC441EFCE57B00DFD337 /* FBSDKCoreKit.framework */ = {isa = PBXFileReference; lastKnownFileType = wrapper.framework; path = FBSDKCoreKit.framework; sourceTree = "<group>"; };
		7C5ABC451EFCE57B00DFD337 /* FBSDKLoginKit.framework */ = {isa = PBXFileReference; lastKnownFileType = wrapper.framework; path = FBSDKLoginKit.framework; sourceTree = "<group>"; };
		7C5ABC461EFCE57B00DFD337 /* FBSDKShareKit.framework */ = {isa = PBXFileReference; lastKnownFileType = wrapper.framework; path = FBSDKShareKit.framework; sourceTree = "<group>"; };
		7C5ABC471EFCE57B00DFD337 /* IPCome.h */ = {isa = PBXFileReference; fileEncoding = 4; lastKnownFileType = sourcecode.c.h; path = IPCome.h; sourceTree = "<group>"; };
		7C5ABC481EFCE57B00DFD337 /* libIPCome.a */ = {isa = PBXFileReference; lastKnownFileType = archive.ar; path = libIPCome.a; sourceTree = "<group>"; };
		7C5ABC491EFCE57B00DFD337 /* LKImage.bundle */ = {isa = PBXFileReference; lastKnownFileType = "wrapper.plug-in"; path = LKImage.bundle; sourceTree = "<group>"; };
		7C5ABC4A1EFCE57B00DFD337 /* LKNumber.plist */ = {isa = PBXFileReference; fileEncoding = 4; lastKnownFileType = text.plist.xml; path = LKNumber.plist; sourceTree = "<group>"; };
		7C5ABC4B1EFCE57B00DFD337 /* updadegift.png */ = {isa = PBXFileReference; lastKnownFileType = image.png; path = updadegift.png; sourceTree = "<group>"; };
		7C5ABC571EFCE6BA00DFD337 /* Accelerate.framework */ = {isa = PBXFileReference; lastKnownFileType = wrapper.framework; name = Accelerate.framework; path = System/Library/Frameworks/Accelerate.framework; sourceTree = SDKROOT; };
		7C5ABC591EFCE6CF00DFD337 /* Foundation.framework */ = {isa = PBXFileReference; lastKnownFileType = wrapper.framework; name = Foundation.framework; path = System/Library/Frameworks/Foundation.framework; sourceTree = SDKROOT; };
		7C5ABC5B1EFCE6DF00DFD337 /* MobileCoreServices.framework */ = {isa = PBXFileReference; lastKnownFileType = wrapper.framework; name = MobileCoreServices.framework; path = System/Library/Frameworks/MobileCoreServices.framework; sourceTree = SDKROOT; };
		7C71FEBD1D5C802100EA855A /* 5001.png */ = {isa = PBXFileReference; lastKnownFileType = image.png; name = 5001.png; path = "../../../../图片资源/人物/5001.png"; sourceTree = "<group>"; };
		7C71FEBF1D5C847900EA855A /* 5002.png */ = {isa = PBXFileReference; lastKnownFileType = image.png; name = 5002.png; path = "../../../../图片资源/人物/5002.png"; sourceTree = "<group>"; };
		7C71FEC11D5C84BD00EA855A /* ftsdui_suo.png */ = {isa = PBXFileReference; lastKnownFileType = image.png; name = ftsdui_suo.png; path = "../../../../图片资源/其他杂/ftsdui_suo.png"; sourceTree = "<group>"; };
		7C99BF241D58742B00BA8B9A /* duole_iap.plist */ = {isa = PBXFileReference; fileEncoding = 4; lastKnownFileType = text.plist.xml; path = duole_iap.plist; sourceTree = "<group>"; };
		9824610C1F73D0A800388CAF /* UIComboBox_delbtn.png */ = {isa = PBXFileReference; lastKnownFileType = image.png; path = UIComboBox_delbtn.png; sourceTree = "<group>"; };
		FC2DF7FC1D4AF716005160BD /* Default-568h@2x.png */ = {isa = PBXFileReference; lastKnownFileType = image.png; path = "Default-568h@2x.png"; sourceTree = "<group>"; };
		FC4704E31D471023009F0B62 /* duoleIosSdkTestDemo.app */ = {isa = PBXFileReference; explicitFileType = wrapper.application; includeInIndex = 0; path = duoleIosSdkTestDemo.app; sourceTree = BUILT_PRODUCTS_DIR; };
		FC4704E71D471023009F0B62 /* main.m */ = {isa = PBXFileReference; lastKnownFileType = sourcecode.c.objc; path = main.m; sourceTree = "<group>"; };
		FC4704E91D471023009F0B62 /* AppDelegate.h */ = {isa = PBXFileReference; lastKnownFileType = sourcecode.c.h; path = AppDelegate.h; sourceTree = "<group>"; };
		FC4704EA1D471023009F0B62 /* AppDelegate.m */ = {isa = PBXFileReference; lastKnownFileType = sourcecode.c.objc; path = AppDelegate.m; sourceTree = "<group>"; };
		FC4704EC1D471023009F0B62 /* ViewController.h */ = {isa = PBXFileReference; lastKnownFileType = sourcecode.c.h; path = ViewController.h; sourceTree = "<group>"; };
		FC4704ED1D471023009F0B62 /* ViewController.m */ = {isa = PBXFileReference; lastKnownFileType = sourcecode.c.objc; path = ViewController.m; sourceTree = "<group>"; };
		FC4704F01D471023009F0B62 /* Base */ = {isa = PBXFileReference; lastKnownFileType = file.storyboard; name = Base; path = Base.lproj/Main.storyboard; sourceTree = "<group>"; };
		FC4704F21D471023009F0B62 /* Assets.xcassets */ = {isa = PBXFileReference; lastKnownFileType = folder.assetcatalog; path = Assets.xcassets; sourceTree = "<group>"; };
		FC4704F51D471023009F0B62 /* Base */ = {isa = PBXFileReference; lastKnownFileType = file.storyboard; name = Base; path = Base.lproj/LaunchScreen.storyboard; sourceTree = "<group>"; };
		FC4704F71D471023009F0B62 /* Info.plist */ = {isa = PBXFileReference; lastKnownFileType = text.plist.xml; path = Info.plist; sourceTree = "<group>"; };
		FC4704FC1D471023009F0B62 /* duoleIosSdkTestDemoTests.xctest */ = {isa = PBXFileReference; explicitFileType = wrapper.cfbundle; includeInIndex = 0; path = duoleIosSdkTestDemoTests.xctest; sourceTree = BUILT_PRODUCTS_DIR; };
		FC4705001D471023009F0B62 /* duoleIosSdkTestDemoTests.m */ = {isa = PBXFileReference; lastKnownFileType = sourcecode.c.objc; path = duoleIosSdkTestDemoTests.m; sourceTree = "<group>"; };
		FC4705021D471023009F0B62 /* Info.plist */ = {isa = PBXFileReference; lastKnownFileType = text.plist.xml; path = Info.plist; sourceTree = "<group>"; };
		FC4705071D471023009F0B62 /* duoleIosSdkTestDemoUITests.xctest */ = {isa = PBXFileReference; explicitFileType = wrapper.cfbundle; includeInIndex = 0; path = duoleIosSdkTestDemoUITests.xctest; sourceTree = BUILT_PRODUCTS_DIR; };
		FC47050B1D471023009F0B62 /* duoleIosSdkTestDemoUITests.m */ = {isa = PBXFileReference; lastKnownFileType = sourcecode.c.objc; path = duoleIosSdkTestDemoUITests.m; sourceTree = "<group>"; };
		FC47050D1D471023009F0B62 /* Info.plist */ = {isa = PBXFileReference; lastKnownFileType = text.plist.xml; path = Info.plist; sourceTree = "<group>"; };
		FC4705BA1D471494009F0B62 /* duoleIosSDK.xcodeproj */ = {isa = PBXFileReference; lastKnownFileType = "wrapper.pb-project"; name = duoleIosSDK.xcodeproj; path = ../duoleIosSDK/duoleIosSDK.xcodeproj; sourceTree = "<group>"; };
		FCCA4C821D4F023900E8ACE8 /* duole_ios_login.bundle */ = {isa = PBXFileReference; lastKnownFileType = "wrapper.plug-in"; path = duole_ios_login.bundle; sourceTree = "<group>"; };
/* End PBXFileReference section */

/* Begin PBXFrameworksBuildPhase section */
		FC4704E01D471023009F0B62 /* Frameworks */ = {
			isa = PBXFrameworksBuildPhase;
			buildActionMask = 2147483647;
			files = (
				7C5ABC5C1EFCE6DF00DFD337 /* MobileCoreServices.framework in Frameworks */,
				7C5ABC5A1EFCE6CF00DFD337 /* Foundation.framework in Frameworks */,
				7C5ABC581EFCE6BA00DFD337 /* Accelerate.framework in Frameworks */,
				7C71FEB21D5C297100EA855A /* duoleIosSDK.framework in Frameworks */,
				7C5ABC4D1EFCE57B00DFD337 /* FBSDKCoreKit.framework in Frameworks */,
				7C5ABC4F1EFCE57B00DFD337 /* FBSDKShareKit.framework in Frameworks */,
				7C5ABC4E1EFCE57B00DFD337 /* FBSDKLoginKit.framework in Frameworks */,
				7C5ABC501EFCE57B00DFD337 /* libIPCome.a in Frameworks */,
				7C5ABC4C1EFCE57B00DFD337 /* Bolts.framework in Frameworks */,
			);
			runOnlyForDeploymentPostprocessing = 0;
		};
		FC4704F91D471023009F0B62 /* Frameworks */ = {
			isa = PBXFrameworksBuildPhase;
			buildActionMask = 2147483647;
			files = (
			);
			runOnlyForDeploymentPostprocessing = 0;
		};
		FC4705041D471023009F0B62 /* Frameworks */ = {
			isa = PBXFrameworksBuildPhase;
			buildActionMask = 2147483647;
			files = (
			);
			runOnlyForDeploymentPostprocessing = 0;
		};
/* End PBXFrameworksBuildPhase section */

/* Begin PBXGroup section */
		7C5ABC411EFCE57B00DFD337 /* sdk类 */ = {
			isa = PBXGroup;
			children = (
				7C5ABC421EFCE57B00DFD337 /* AppsFlyerTracker.h */,
				7C5ABC431EFCE57B00DFD337 /* Bolts.framework */,
				7C5ABC441EFCE57B00DFD337 /* FBSDKCoreKit.framework */,
				7C5ABC451EFCE57B00DFD337 /* FBSDKLoginKit.framework */,
				7C5ABC461EFCE57B00DFD337 /* FBSDKShareKit.framework */,
				7C5ABC471EFCE57B00DFD337 /* IPCome.h */,
				7C5ABC481EFCE57B00DFD337 /* libIPCome.a */,
				7C5ABC491EFCE57B00DFD337 /* LKImage.bundle */,
				7C5ABC4A1EFCE57B00DFD337 /* LKNumber.plist */,
				7C5ABC4B1EFCE57B00DFD337 /* updadegift.png */,
			);
			name = "sdk类";
			path = "../../../Fate/client/FateZer0/frameworks/runtime-src/proj.ios_mac_efun_taiyu/SDK/誓约之剑泰文iOS－sdk/sdk类";
			sourceTree = "<group>";
		};
		7C5ABC561EFCE6BA00DFD337 /* Frameworks */ = {
			isa = PBXGroup;
			children = (
				7C5ABC5B1EFCE6DF00DFD337 /* MobileCoreServices.framework */,
				7C5ABC591EFCE6CF00DFD337 /* Foundation.framework */,
				7C5ABC571EFCE6BA00DFD337 /* Accelerate.framework */,
			);
			name = Frameworks;
			sourceTree = "<group>";
		};
		FC4704DA1D471023009F0B62 = {
			isa = PBXGroup;
			children = (
				FC4705BA1D471494009F0B62 /* duoleIosSDK.xcodeproj */,
				FC4704E51D471023009F0B62 /* duoleIosSdkTestDemo */,
				FC4704FF1D471023009F0B62 /* duoleIosSdkTestDemoTests */,
				FC47050A1D471023009F0B62 /* duoleIosSdkTestDemoUITests */,
				FC4704E41D471023009F0B62 /* Products */,
				7C5ABC561EFCE6BA00DFD337 /* Frameworks */,
			);
			sourceTree = "<group>";
		};
		FC4704E41D471023009F0B62 /* Products */ = {
			isa = PBXGroup;
			children = (
				FC4704E31D471023009F0B62 /* duoleIosSdkTestDemo.app */,
				FC4704FC1D471023009F0B62 /* duoleIosSdkTestDemoTests.xctest */,
				FC4705071D471023009F0B62 /* duoleIosSdkTestDemoUITests.xctest */,
			);
			name = Products;
			sourceTree = "<group>";
		};
		FC4704E51D471023009F0B62 /* duoleIosSdkTestDemo */ = {
			isa = PBXGroup;
			children = (
				7C5ABC411EFCE57B00DFD337 /* sdk类 */,
				FC4704E91D471023009F0B62 /* AppDelegate.h */,
				FC4704EA1D471023009F0B62 /* AppDelegate.m */,
				FC4704EC1D471023009F0B62 /* ViewController.h */,
				FC4704ED1D471023009F0B62 /* ViewController.m */,
				FCCA4C811D4F023900E8ACE8 /* Resources */,
				FC2DF7FC1D4AF716005160BD /* Default-568h@2x.png */,
				FC4704EF1D471023009F0B62 /* Main.storyboard */,
				FC4704F21D471023009F0B62 /* Assets.xcassets */,
				FC4704F41D471023009F0B62 /* LaunchScreen.storyboard */,
				FC4704F71D471023009F0B62 /* Info.plist */,
				FC4704E61D471023009F0B62 /* Supporting Files */,
			);
			path = duoleIosSdkTestDemo;
			sourceTree = "<group>";
		};
		FC4704E61D471023009F0B62 /* Supporting Files */ = {
			isa = PBXGroup;
			children = (
				FC4704E71D471023009F0B62 /* main.m */,
			);
			name = "Supporting Files";
			sourceTree = "<group>";
		};
		FC4704FF1D471023009F0B62 /* duoleIosSdkTestDemoTests */ = {
			isa = PBXGroup;
			children = (
				FC4705001D471023009F0B62 /* duoleIosSdkTestDemoTests.m */,
				FC4705021D471023009F0B62 /* Info.plist */,
			);
			path = duoleIosSdkTestDemoTests;
			sourceTree = "<group>";
		};
		FC47050A1D471023009F0B62 /* duoleIosSdkTestDemoUITests */ = {
			isa = PBXGroup;
			children = (
				FC47050B1D471023009F0B62 /* duoleIosSdkTestDemoUITests.m */,
				FC47050D1D471023009F0B62 /* Info.plist */,
			);
			path = duoleIosSdkTestDemoUITests;
			sourceTree = "<group>";
		};
		FC4705BB1D471494009F0B62 /* Products */ = {
			isa = PBXGroup;
			children = (
				FC4705C01D471494009F0B62 /* duoleIosSDK.framework */,
				FC4705C21D471494009F0B62 /* duoleIosSDKTests.xctest */,
			);
			name = Products;
			sourceTree = "<group>";
		};
		FCCA4C811D4F023900E8ACE8 /* Resources */ = {
			isa = PBXGroup;
			children = (
				9824610C1F73D0A800388CAF /* UIComboBox_delbtn.png */,
				7C71FEBD1D5C802100EA855A /* 5001.png */,
				7C71FEBF1D5C847900EA855A /* 5002.png */,
				7C71FEC11D5C84BD00EA855A /* ftsdui_suo.png */,
				7C99BF241D58742B00BA8B9A /* duole_iap.plist */,
				FCCA4C821D4F023900E8ACE8 /* duole_ios_login.bundle */,
			);
			path = Resources;
			sourceTree = "<group>";
		};
/* End PBXGroup section */

/* Begin PBXNativeTarget section */
		FC4704E21D471023009F0B62 /* duoleIosSdkTestDemo */ = {
			isa = PBXNativeTarget;
			buildConfigurationList = FC4705101D471023009F0B62 /* Build configuration list for PBXNativeTarget "duoleIosSdkTestDemo" */;
			buildPhases = (
				FC4704DF1D471023009F0B62 /* Sources */,
				FC4704E01D471023009F0B62 /* Frameworks */,
				FC4704E11D471023009F0B62 /* Resources */,
			);
			buildRules = (
			);
			dependencies = (
			);
			name = duoleIosSdkTestDemo;
			productName = duoleIosSdkTestDemo;
			productReference = FC4704E31D471023009F0B62 /* duoleIosSdkTestDemo.app */;
			productType = "com.apple.product-type.application";
		};
		FC4704FB1D471023009F0B62 /* duoleIosSdkTestDemoTests */ = {
			isa = PBXNativeTarget;
			buildConfigurationList = FC4705131D471023009F0B62 /* Build configuration list for PBXNativeTarget "duoleIosSdkTestDemoTests" */;
			buildPhases = (
				FC4704F81D471023009F0B62 /* Sources */,
				FC4704F91D471023009F0B62 /* Frameworks */,
				FC4704FA1D471023009F0B62 /* Resources */,
			);
			buildRules = (
			);
			dependencies = (
				FC4704FE1D471023009F0B62 /* PBXTargetDependency */,
			);
			name = duoleIosSdkTestDemoTests;
			productName = duoleIosSdkTestDemoTests;
			productReference = FC4704FC1D471023009F0B62 /* duoleIosSdkTestDemoTests.xctest */;
			productType = "com.apple.product-type.bundle.unit-test";
		};
		FC4705061D471023009F0B62 /* duoleIosSdkTestDemoUITests */ = {
			isa = PBXNativeTarget;
			buildConfigurationList = FC4705161D471023009F0B62 /* Build configuration list for PBXNativeTarget "duoleIosSdkTestDemoUITests" */;
			buildPhases = (
				FC4705031D471023009F0B62 /* Sources */,
				FC4705041D471023009F0B62 /* Frameworks */,
				FC4705051D471023009F0B62 /* Resources */,
			);
			buildRules = (
			);
			dependencies = (
				FC4705091D471023009F0B62 /* PBXTargetDependency */,
			);
			name = duoleIosSdkTestDemoUITests;
			productName = duoleIosSdkTestDemoUITests;
			productReference = FC4705071D471023009F0B62 /* duoleIosSdkTestDemoUITests.xctest */;
			productType = "com.apple.product-type.bundle.ui-testing";
		};
/* End PBXNativeTarget section */

/* Begin PBXProject section */
		FC4704DB1D471023009F0B62 /* Project object */ = {
			isa = PBXProject;
			attributes = {
				LastUpgradeCheck = 0730;
				ORGANIZATIONNAME = cxh;
				TargetAttributes = {
					FC4704E21D471023009F0B62 = {
						CreatedOnToolsVersion = 7.3;
						DevelopmentTeam = 3G2R2B42GY;
						ProvisioningStyle = Manual;
					};
					FC4704FB1D471023009F0B62 = {
						CreatedOnToolsVersion = 7.3;
						TestTargetID = FC4704E21D471023009F0B62;
					};
					FC4705061D471023009F0B62 = {
						CreatedOnToolsVersion = 7.3;
						TestTargetID = FC4704E21D471023009F0B62;
					};
				};
			};
			buildConfigurationList = FC4704DE1D471023009F0B62 /* Build configuration list for PBXProject "duoleIosSdkTestDemo" */;
			compatibilityVersion = "Xcode 3.2";
			developmentRegion = English;
			hasScannedForEncodings = 0;
			knownRegions = (
				en,
				Base,
			);
			mainGroup = FC4704DA1D471023009F0B62;
			productRefGroup = FC4704E41D471023009F0B62 /* Products */;
			projectDirPath = "";
			projectReferences = (
				{
					ProductGroup = FC4705BB1D471494009F0B62 /* Products */;
					ProjectRef = FC4705BA1D471494009F0B62 /* duoleIosSDK.xcodeproj */;
				},
			);
			projectRoot = "";
			targets = (
				FC4704E21D471023009F0B62 /* duoleIosSdkTestDemo */,
				FC4704FB1D471023009F0B62 /* duoleIosSdkTestDemoTests */,
				FC4705061D471023009F0B62 /* duoleIosSdkTestDemoUITests */,
			);
		};
/* End PBXProject section */

/* Begin PBXReferenceProxy section */
		FC4705C01D471494009F0B62 /* duoleIosSDK.framework */ = {
			isa = PBXReferenceProxy;
			fileType = wrapper.framework;
			path = duoleIosSDK.framework;
			remoteRef = FC4705BF1D471494009F0B62 /* PBXContainerItemProxy */;
			sourceTree = BUILT_PRODUCTS_DIR;
		};
		FC4705C21D471494009F0B62 /* duoleIosSDKTests.xctest */ = {
			isa = PBXReferenceProxy;
			fileType = wrapper.cfbundle;
			path = duoleIosSDKTests.xctest;
			remoteRef = FC4705C11D471494009F0B62 /* PBXContainerItemProxy */;
			sourceTree = BUILT_PRODUCTS_DIR;
		};
/* End PBXReferenceProxy section */

/* Begin PBXResourcesBuildPhase section */
		FC4704E11D471023009F0B62 /* Resources */ = {
			isa = PBXResourcesBuildPhase;
			buildActionMask = 2147483647;
			files = (
				9824610D1F73D0A800388CAF /* UIComboBox_delbtn.png in Resources */,
				FC4704F61D471023009F0B62 /* LaunchScreen.storyboard in Resources */,
				FC4704F31D471023009F0B62 /* Assets.xcassets in Resources */,
				7C5ABC531EFCE57B00DFD337 /* updadegift.png in Resources */,
				7C71FEC01D5C847900EA855A /* 5002.png in Resources */,
				7C71FEC21D5C84BD00EA855A /* ftsdui_suo.png in Resources */,
				7C5ABC511EFCE57B00DFD337 /* LKImage.bundle in Resources */,
				FCCA4C831D4F023900E8ACE8 /* duole_ios_login.bundle in Resources */,
				FC4704F11D471023009F0B62 /* Main.storyboard in Resources */,
				FC2DF7FD1D4AF716005160BD /* Default-568h@2x.png in Resources */,
				7C71FEBE1D5C802100EA855A /* 5001.png in Resources */,
				7C5ABC521EFCE57B00DFD337 /* LKNumber.plist in Resources */,
				7C99BF251D58742B00BA8B9A /* duole_iap.plist in Resources */,
			);
			runOnlyForDeploymentPostprocessing = 0;
		};
		FC4704FA1D471023009F0B62 /* Resources */ = {
			isa = PBXResourcesBuildPhase;
			buildActionMask = 2147483647;
			files = (
			);
			runOnlyForDeploymentPostprocessing = 0;
		};
		FC4705051D471023009F0B62 /* Resources */ = {
			isa = PBXResourcesBuildPhase;
			buildActionMask = 2147483647;
			files = (
			);
			runOnlyForDeploymentPostprocessing = 0;
		};
/* End PBXResourcesBuildPhase section */

/* Begin PBXSourcesBuildPhase section */
		FC4704DF1D471023009F0B62 /* Sources */ = {
			isa = PBXSourcesBuildPhase;
			buildActionMask = 2147483647;
			files = (
				FC4704EE1D471023009F0B62 /* ViewController.m in Sources */,
				FC4704EB1D471023009F0B62 /* AppDelegate.m in Sources */,
				FC4704E81D471023009F0B62 /* main.m in Sources */,
			);
			runOnlyForDeploymentPostprocessing = 0;
		};
		FC4704F81D471023009F0B62 /* Sources */ = {
			isa = PBXSourcesBuildPhase;
			buildActionMask = 2147483647;
			files = (
				FC4705011D471023009F0B62 /* duoleIosSdkTestDemoTests.m in Sources */,
			);
			runOnlyForDeploymentPostprocessing = 0;
		};
		FC4705031D471023009F0B62 /* Sources */ = {
			isa = PBXSourcesBuildPhase;
			buildActionMask = 2147483647;
			files = (
				FC47050C1D471023009F0B62 /* duoleIosSdkTestDemoUITests.m in Sources */,
			);
			runOnlyForDeploymentPostprocessing = 0;
		};
/* End PBXSourcesBuildPhase section */

/* Begin PBXTargetDependency section */
		FC4704FE1D471023009F0B62 /* PBXTargetDependency */ = {
			isa = PBXTargetDependency;
			target = FC4704E21D471023009F0B62 /* duoleIosSdkTestDemo */;
			targetProxy = FC4704FD1D471023009F0B62 /* PBXContainerItemProxy */;
		};
		FC4705091D471023009F0B62 /* PBXTargetDependency */ = {
			isa = PBXTargetDependency;
			target = FC4704E21D471023009F0B62 /* duoleIosSdkTestDemo */;
			targetProxy = FC4705081D471023009F0B62 /* PBXContainerItemProxy */;
		};
/* End PBXTargetDependency section */

/* Begin PBXVariantGroup section */
		FC4704EF1D471023009F0B62 /* Main.storyboard */ = {
			isa = PBXVariantGroup;
			children = (
				FC4704F01D471023009F0B62 /* Base */,
			);
			name = Main.storyboard;
			sourceTree = "<group>";
		};
		FC4704F41D471023009F0B62 /* LaunchScreen.storyboard */ = {
			isa = PBXVariantGroup;
			children = (
				FC4704F51D471023009F0B62 /* Base */,
			);
			name = LaunchScreen.storyboard;
			sourceTree = "<group>";
		};
/* End PBXVariantGroup section */

/* Begin XCBuildConfiguration section */
		FC47050E1D471023009F0B62 /* Debug */ = {
			isa = XCBuildConfiguration;
			buildSettings = {
				ALWAYS_SEARCH_USER_PATHS = NO;
				CLANG_ANALYZER_NONNULL = YES;
				CLANG_CXX_LANGUAGE_STANDARD = "gnu++0x";
				CLANG_CXX_LIBRARY = "libc++";
				CLANG_ENABLE_MODULES = YES;
				CLANG_ENABLE_OBJC_ARC = YES;
				CLANG_WARN_BOOL_CONVERSION = YES;
				CLANG_WARN_CONSTANT_CONVERSION = YES;
				CLANG_WARN_DIRECT_OBJC_ISA_USAGE = YES_ERROR;
				CLANG_WARN_EMPTY_BODY = YES;
				CLANG_WARN_ENUM_CONVERSION = YES;
				CLANG_WARN_INT_CONVERSION = YES;
				CLANG_WARN_OBJC_ROOT_CLASS = YES_ERROR;
				CLANG_WARN_UNREACHABLE_CODE = YES;
				CLANG_WARN__DUPLICATE_METHOD_MATCH = YES;
				"CODE_SIGN_IDENTITY[sdk=iphoneos*]" = "iPhone Developer";
				COPY_PHASE_STRIP = NO;
				DEBUG_INFORMATION_FORMAT = dwarf;
				ENABLE_STRICT_OBJC_MSGSEND = YES;
				ENABLE_TESTABILITY = YES;
				GCC_C_LANGUAGE_STANDARD = gnu99;
				GCC_DYNAMIC_NO_PIC = NO;
				GCC_NO_COMMON_BLOCKS = YES;
				GCC_OPTIMIZATION_LEVEL = 0;
				GCC_PREPROCESSOR_DEFINITIONS = (
					"DEBUG=1",
					"$(inherited)",
				);
				GCC_WARN_64_TO_32_BIT_CONVERSION = YES;
				GCC_WARN_ABOUT_RETURN_TYPE = YES_ERROR;
				GCC_WARN_UNDECLARED_SELECTOR = YES;
				GCC_WARN_UNINITIALIZED_AUTOS = YES_AGGRESSIVE;
				GCC_WARN_UNUSED_FUNCTION = YES;
				GCC_WARN_UNUSED_VARIABLE = YES;
				IPHONEOS_DEPLOYMENT_TARGET = 9.3;
				MTL_ENABLE_DEBUG_INFO = YES;
				ONLY_ACTIVE_ARCH = YES;
				SDKROOT = iphoneos;
				TARGETED_DEVICE_FAMILY = "1,2";
			};
			name = Debug;
		};
		FC47050F1D471023009F0B62 /* Release */ = {
			isa = XCBuildConfiguration;
			buildSettings = {
				ALWAYS_SEARCH_USER_PATHS = NO;
				CLANG_ANALYZER_NONNULL = YES;
				CLANG_CXX_LANGUAGE_STANDARD = "gnu++0x";
				CLANG_CXX_LIBRARY = "libc++";
				CLANG_ENABLE_MODULES = YES;
				CLANG_ENABLE_OBJC_ARC = YES;
				CLANG_WARN_BOOL_CONVERSION = YES;
				CLANG_WARN_CONSTANT_CONVERSION = YES;
				CLANG_WARN_DIRECT_OBJC_ISA_USAGE = YES_ERROR;
				CLANG_WARN_EMPTY_BODY = YES;
				CLANG_WARN_ENUM_CONVERSION = YES;
				CLANG_WARN_INT_CONVERSION = YES;
				CLANG_WARN_OBJC_ROOT_CLASS = YES_ERROR;
				CLANG_WARN_UNREACHABLE_CODE = YES;
				CLANG_WARN__DUPLICATE_METHOD_MATCH = YES;
				"CODE_SIGN_IDENTITY[sdk=iphoneos*]" = "iPhone Developer";
				COPY_PHASE_STRIP = NO;
				DEBUG_INFORMATION_FORMAT = "dwarf-with-dsym";
				ENABLE_NS_ASSERTIONS = NO;
				ENABLE_STRICT_OBJC_MSGSEND = YES;
				GCC_C_LANGUAGE_STANDARD = gnu99;
				GCC_NO_COMMON_BLOCKS = YES;
				GCC_WARN_64_TO_32_BIT_CONVERSION = YES;
				GCC_WARN_ABOUT_RETURN_TYPE = YES_ERROR;
				GCC_WARN_UNDECLARED_SELECTOR = YES;
				GCC_WARN_UNINITIALIZED_AUTOS = YES_AGGRESSIVE;
				GCC_WARN_UNUSED_FUNCTION = YES;
				GCC_WARN_UNUSED_VARIABLE = YES;
				IPHONEOS_DEPLOYMENT_TARGET = 9.3;
				MTL_ENABLE_DEBUG_INFO = NO;
				SDKROOT = iphoneos;
				TARGETED_DEVICE_FAMILY = "1,2";
				VALIDATE_PRODUCT = YES;
			};
			name = Release;
		};
		FC4705111D471023009F0B62 /* Debug */ = {
			isa = XCBuildConfiguration;
			buildSettings = {
				ASSETCATALOG_COMPILER_APPICON_NAME = AppIcon;
				CODE_SIGN_IDENTITY = "iPhone Developer";
				"CODE_SIGN_IDENTITY[sdk=iphoneos*]" = "iPhone Developer";
				DEVELOPMENT_TEAM = 3G2R2B42GY;
				ENABLE_BITCODE = NO;
				FRAMEWORK_SEARCH_PATHS = "\"$(SRCROOT)/../../Fate/client/FateZer0/frameworks/runtime-src/proj.ios_mac_efun_taiyu/SDK/誓约之剑泰文iOS－sdk/sdk类\"";
				HEADER_SEARCH_PATHS = "\"$(SRCROOT)/../duoleIosSDK/**\"/**";
				INFOPLIST_FILE = duoleIosSdkTestDemo/Info.plist;
				IPHONEOS_DEPLOYMENT_TARGET = 7.0;
				LD_RUNPATH_SEARCH_PATHS = "$(inherited) @executable_path/Frameworks";
				LIBRARY_SEARCH_PATHS = "\"$(SRCROOT)/../../Fate/client/FateZer0/frameworks/runtime-src/proj.ios_mac_efun_taiyu/SDK/誓约之剑泰文iOS－sdk/sdk类\"";
				MACH_O_TYPE = mh_execute;
				PRODUCT_BUNDLE_IDENTIFIER = com.shengbeizhizhan.sbzz;
				PRODUCT_NAME = "$(TARGET_NAME)";
				PROVISIONING_PROFILE = "9e6c8d9c-4d6a-45c4-be22-14568de8ac22";
				PROVISIONING_PROFILE_SPECIFIER = "sbzz-dev";
				TARGETED_DEVICE_FAMILY = "1,2";
				VALID_ARCHS = "arm64 armv7 armv7s x86_64";
			};
			name = Debug;
		};
		FC4705121D471023009F0B62 /* Release */ = {
			isa = XCBuildConfiguration;
			buildSettings = {
				ASSETCATALOG_COMPILER_APPICON_NAME = AppIcon;
				CODE_SIGN_IDENTITY = "iPhone Developer";
				"CODE_SIGN_IDENTITY[sdk=iphoneos*]" = "iPhone Developer";
				DEVELOPMENT_TEAM = 3G2R2B42GY;
				ENABLE_BITCODE = NO;
				FRAMEWORK_SEARCH_PATHS = "\"$(SRCROOT)/../../Fate/client/FateZer0/frameworks/runtime-src/proj.ios_mac_efun_taiyu/SDK/誓约之剑泰文iOS－sdk/sdk类\"";
				HEADER_SEARCH_PATHS = "\"$(SRCROOT)/../duoleIosSDK/**\"/**";
				INFOPLIST_FILE = duoleIosSdkTestDemo/Info.plist;
				IPHONEOS_DEPLOYMENT_TARGET = 7.0;
				LD_RUNPATH_SEARCH_PATHS = "$(inherited) @executable_path/Frameworks";
				LIBRARY_SEARCH_PATHS = "\"$(SRCROOT)/../../Fate/client/FateZer0/frameworks/runtime-src/proj.ios_mac_efun_taiyu/SDK/誓约之剑泰文iOS－sdk/sdk类\"";
				MACH_O_TYPE = mh_execute;
				PRODUCT_BUNDLE_IDENTIFIER = com.shengbeizhizhan.sbzz;
				PRODUCT_NAME = "$(TARGET_NAME)";
				PROVISIONING_PROFILE = "9e6c8d9c-4d6a-45c4-be22-14568de8ac22";
				PROVISIONING_PROFILE_SPECIFIER = "sbzz-dev";
				TARGETED_DEVICE_FAMILY = "1,2";
				VALID_ARCHS = "arm64 armv7 armv7s x86_64";
			};
			name = Release;
		};
		FC4705141D471023009F0B62 /* Debug */ = {
			isa = XCBuildConfiguration;
			buildSettings = {
				BUNDLE_LOADER = "$(TEST_HOST)";
				INFOPLIST_FILE = duoleIosSdkTestDemoTests/Info.plist;
				LD_RUNPATH_SEARCH_PATHS = "$(inherited) @executable_path/Frameworks @loader_path/Frameworks";
				PRODUCT_BUNDLE_IDENTIFIER = www.duole.login.duoleIosSdkTestDemoTests;
				PRODUCT_NAME = "$(TARGET_NAME)";
				TEST_HOST = "$(BUILT_PRODUCTS_DIR)/duoleIosSdkTestDemo.app/duoleIosSdkTestDemo";
			};
			name = Debug;
		};
		FC4705151D471023009F0B62 /* Release */ = {
			isa = XCBuildConfiguration;
			buildSettings = {
				BUNDLE_LOADER = "$(TEST_HOST)";
				INFOPLIST_FILE = duoleIosSdkTestDemoTests/Info.plist;
				LD_RUNPATH_SEARCH_PATHS = "$(inherited) @executable_path/Frameworks @loader_path/Frameworks";
				PRODUCT_BUNDLE_IDENTIFIER = www.duole.login.duoleIosSdkTestDemoTests;
				PRODUCT_NAME = "$(TARGET_NAME)";
				TEST_HOST = "$(BUILT_PRODUCTS_DIR)/duoleIosSdkTestDemo.app/duoleIosSdkTestDemo";
			};
			name = Release;
		};
		FC4705171D471023009F0B62 /* Debug */ = {
			isa = XCBuildConfiguration;
			buildSettings = {
				INFOPLIST_FILE = duoleIosSdkTestDemoUITests/Info.plist;
				LD_RUNPATH_SEARCH_PATHS = "$(inherited) @executable_path/Frameworks @loader_path/Frameworks";
				PRODUCT_BUNDLE_IDENTIFIER = www.duole.login.duoleIosSdkTestDemoUITests;
				PRODUCT_NAME = "$(TARGET_NAME)";
				TEST_TARGET_NAME = duoleIosSdkTestDemo;
			};
			name = Debug;
		};
		FC4705181D471023009F0B62 /* Release */ = {
			isa = XCBuildConfiguration;
			buildSettings = {
				INFOPLIST_FILE = duoleIosSdkTestDemoUITests/Info.plist;
				LD_RUNPATH_SEARCH_PATHS = "$(inherited) @executable_path/Frameworks @loader_path/Frameworks";
				PRODUCT_BUNDLE_IDENTIFIER = www.duole.login.duoleIosSdkTestDemoUITests;
				PRODUCT_NAME = "$(TARGET_NAME)";
				TEST_TARGET_NAME = duoleIosSdkTestDemo;
			};
			name = Release;
		};
/* End XCBuildConfiguration section */

/* Begin XCConfigurationList section */
		FC4704DE1D471023009F0B62 /* Build configuration list for PBXProject "duoleIosSdkTestDemo" */ = {
			isa = XCConfigurationList;
			buildConfigurations = (
				FC47050E1D471023009F0B62 /* Debug */,
				FC47050F1D471023009F0B62 /* Release */,
			);
			defaultConfigurationIsVisible = 0;
			defaultConfigurationName = Release;
		};
		FC4705101D471023009F0B62 /* Build configuration list for PBXNativeTarget "duoleIosSdkTestDemo" */ = {
			isa = XCConfigurationList;
			buildConfigurations = (
				FC4705111D471023009F0B62 /* Debug */,
				FC4705121D471023009F0B62 /* Release */,
			);
			defaultConfigurationIsVisible = 0;
			defaultConfigurationName = Release;
		};
		FC4705131D471023009F0B62 /* Build configuration list for PBXNativeTarget "duoleIosSdkTestDemoTests" */ = {
			isa = XCConfigurationList;
			buildConfigurations = (
				FC4705141D471023009F0B62 /* Debug */,
				FC4705151D471023009F0B62 /* Release */,
			);
			defaultConfigurationIsVisible = 0;
			defaultConfigurationName = Release;
		};
		FC4705161D471023009F0B62 /* Build configuration list for PBXNativeTarget "duoleIosSdkTestDemoUITests" */ = {
			isa = XCConfigurationList;
			buildConfigurations = (
				FC4705171D471023009F0B62 /* Debug */,
				FC4705181D471023009F0B62 /* Release */,
			);
			defaultConfigurationIsVisible = 0;
			defaultConfigurationName = Release;
		};
/* End XCConfigurationList section */
	};
	rootObject = FC4704DB1D471023009F0B62 /* Project object */;
}
